// !$*UTF8*$!
{
	archiveVersion = 1;
	classes = {
	};
	objectVersion = 54;
	objects = {

/* Begin PBXBuildFile section */
		0C80B921A6F3F58F76C31292 /* libPods-PlusOne.a in Frameworks */ = {isa = PBXBuildFile; fileRef = 5DCACB8F33CDC322A6C60F78 /* libPods-PlusOne.a */; };
		13B07FBF1A68108700A75B9A /* Images.xcassets in Resources */ = {isa = PBXBuildFile; fileRef = 13B07FB51A68108700A75B9A /* Images.xcassets */; };
		761780ED2CA45674006654EE /* AppDelegate.swift in Sources */ = {isa = PBXBuildFile; fileRef = 761780EC2CA45674006654EE /* AppDelegate.swift */; };
		81AB9BB82411601600AC10FF /* LaunchScreen.storyboard in Resources */ = {isa = PBXBuildFile; fileRef = 81AB9BB72411601600AC10FF /* LaunchScreen.storyboard */; };
		AA00000000000000000000D2 /* GoogleService-Info.plist in Resources */ = {isa = PBXBuildFile; fileRef = AA00000000000000000000D1 /* GoogleService-Info.plist */; };
		AA00000000000000000000AA /* ShareViewController.swift in Sources */ = {isa = PBXBuildFile; fileRef = AA00000000000000000000A9 /* ShareViewController.swift */; };
		AA00000000000000000000AD /* MainInterface.storyboard in Resources */ = {isa = PBXBuildFile; fileRef = AA00000000000000000000AC /* MainInterface.storyboard */; };
		AA00000000000000000000B3 /* PlusOneShareExtension.appex in Embed App Extensions */ = {isa = PBXBuildFile; fileRef = AA00000000000000000000A2 /* PlusOneShareExtension.appex */; settings = {ATTRIBUTES = (RemoveHeadersOnCopy, ); }; };
		AA00000000000000000000B6 /* ShareIntentModule.swift in Sources */ = {isa = PBXBuildFile; fileRef = AA00000000000000000000B5 /* ShareIntentModule.swift */; };
		AA00000000000000000000B8 /* ShareIntentModule.m in Sources */ = {isa = PBXBuildFile; fileRef = AA00000000000000000000B7 /* ShareIntentModule.m */; };
		AA00000000000000000000C2 /* ContactsAccessModule.swift in Sources */ = {isa = PBXBuildFile; fileRef = AA00000000000000000000C1 /* ContactsAccessModule.swift */; };
		AA00000000000000000000C4 /* ContactsAccessModule.m in Sources */ = {isa = PBXBuildFile; fileRef = AA00000000000000000000C3 /* ContactsAccessModule.m */; };
		3D7C039861E94766B4712282 /* FigtreeLight-Medium.ttf in Resources */ = {isa = PBXBuildFile; fileRef = 944AF53C82634278BE39AD78 /* FigtreeLight-Medium.ttf */; };
		383039575A1A497FAC08BFD2 /* FigtreeLight-Medium.ttf in Resources */ = {isa = PBXBuildFile; fileRef = 944AF53C82634278BE39AD78 /* FigtreeLight-Medium.ttf */; };
		B75CC4E930424EA9BB1F0648 /* FigtreeLight-Regular.ttf in Resources */ = {isa = PBXBuildFile; fileRef = 2F85DC8A8182412FAA985992 /* FigtreeLight-Regular.ttf */; };
		FC115F5EA14D4B8DB8A5B46A /* FigtreeLight-Regular.ttf in Resources */ = {isa = PBXBuildFile; fileRef = 2F85DC8A8182412FAA985992 /* FigtreeLight-Regular.ttf */; };
		58EE84B98D2F44D7AE073FC5 /* FigtreeLight-SemiBold.ttf in Resources */ = {isa = PBXBuildFile; fileRef = DBD144A95AC64F5AAF2FD0A0 /* FigtreeLight-SemiBold.ttf */; };
		E59162A8D5FC47859BDED37E /* FigtreeLight-SemiBold.ttf in Resources */ = {isa = PBXBuildFile; fileRef = DBD144A95AC64F5AAF2FD0A0 /* FigtreeLight-SemiBold.ttf */; };
		7054AC0214E14792B04A1477 /* IBMPlexSansArabic-Bold.ttf in Resources */ = {isa = PBXBuildFile; fileRef = C6CD80CB82DC4CC9BA0799A4 /* IBMPlexSansArabic-Bold.ttf */; };
		24D6DD3D3F1E498E9066EB33 /* IBMPlexSansArabic-Bold.ttf in Resources */ = {isa = PBXBuildFile; fileRef = C6CD80CB82DC4CC9BA0799A4 /* IBMPlexSansArabic-Bold.ttf */; };
		F111D4702DB544C8A1B4223B /* IBMPlexSansArabic-Medium.ttf in Resources */ = {isa = PBXBuildFile; fileRef = A750A155DD4B469CA640CD42 /* IBMPlexSansArabic-Medium.ttf */; };
		E0BA4FA2DB1E489089567176 /* IBMPlexSansArabic-Medium.ttf in Resources */ = {isa = PBXBuildFile; fileRef = A750A155DD4B469CA640CD42 /* IBMPlexSansArabic-Medium.ttf */; };
		5490F83CE1944487B5CAAF8F /* IBMPlexSansArabic-Regular.ttf in Resources */ = {isa = PBXBuildFile; fileRef = 1E50E026333E4E02A86DDAF7 /* IBMPlexSansArabic-Regular.ttf */; };
		A2BD3C3DCD794EB3B9B4A3D2 /* IBMPlexSansArabic-Regular.ttf in Resources */ = {isa = PBXBuildFile; fileRef = 1E50E026333E4E02A86DDAF7 /* IBMPlexSansArabic-Regular.ttf */; };
		577181B0D6A949CA93FEDC4E /* IBMPlexSansArabic-SemiBold.ttf in Resources */ = {isa = PBXBuildFile; fileRef = 2A2AC036A09E4F30B0A898A1 /* IBMPlexSansArabic-SemiBold.ttf */; };
		22EA6B5F49A245AAB63A33F7 /* IBMPlexSansArabic-SemiBold.ttf in Resources */ = {isa = PBXBuildFile; fileRef = 2A2AC036A09E4F30B0A898A1 /* IBMPlexSansArabic-SemiBold.ttf */; };
		F8EF007F5C6141DEB4D4A3BF /* Sora-Bold.ttf in Resources */ = {isa = PBXBuildFile; fileRef = DFEA0220E5104BA8B5399FC6 /* Sora-Bold.ttf */; };
		F94F6D789657479E997C95AB /* Sora-Bold.ttf in Resources */ = {isa = PBXBuildFile; fileRef = DFEA0220E5104BA8B5399FC6 /* Sora-Bold.ttf */; };
		E26B3A33783A4B118DCE2EE1 /* Sora-ExtraBold.ttf in Resources */ = {isa = PBXBuildFile; fileRef = 299DC16921CA420D867ABDB4 /* Sora-ExtraBold.ttf */; };
		A2F95513E9E04A88A63E5B89 /* Sora-ExtraBold.ttf in Resources */ = {isa = PBXBuildFile; fileRef = 299DC16921CA420D867ABDB4 /* Sora-ExtraBold.ttf */; };
		D91D23E21D3B4B328A3AF71B /* Sora-SemiBold.ttf in Resources */ = {isa = PBXBuildFile; fileRef = E06DA9B2A9944D9A9F89D88E /* Sora-SemiBold.ttf */; };
		64B3BF2837274D4A9628F685 /* Sora-SemiBold.ttf in Resources */ = {isa = PBXBuildFile; fileRef = E06DA9B2A9944D9A9F89D88E /* Sora-SemiBold.ttf */; };
		A92440A83A654548B978FA7F /* SplineSansMono-Medium.ttf in Resources */ = {isa = PBXBuildFile; fileRef = 16E0BF00BEAC4C1FAEA27AB5 /* SplineSansMono-Medium.ttf */; };
		5F970A90381443DD9AAC7550 /* SplineSansMono-Medium.ttf in Resources */ = {isa = PBXBuildFile; fileRef = 16E0BF00BEAC4C1FAEA27AB5 /* SplineSansMono-Medium.ttf */; };
		0970780C5CCC4CF296745C46 /* SplineSansMono-Regular.ttf in Resources */ = {isa = PBXBuildFile; fileRef = 9DD4454010884D0291428CAA /* SplineSansMono-Regular.ttf */; };
		27E99BFAEB3A4608B5FC9DA5 /* SplineSansMono-Regular.ttf in Resources */ = {isa = PBXBuildFile; fileRef = 9DD4454010884D0291428CAA /* SplineSansMono-Regular.ttf */; };
/* End PBXBuildFile section */

/* Begin PBXFileReference section */
		13B07F961A680F5B00A75B9A /* PlusOne.app */ = {isa = PBXFileReference; explicitFileType = wrapper.application; includeInIndex = 0; path = PlusOne.app; sourceTree = BUILT_PRODUCTS_DIR; };
		13B07FB51A68108700A75B9A /* Images.xcassets */ = {isa = PBXFileReference; lastKnownFileType = folder.assetcatalog; name = Images.xcassets; path = PlusOne/Images.xcassets; sourceTree = "<group>"; };
		13B07FB61A68108700A75B9A /* Info.plist */ = {isa = PBXFileReference; fileEncoding = 4; lastKnownFileType = text.plist.xml; name = Info.plist; path = PlusOne/Info.plist; sourceTree = "<group>"; };
		AA00000000000000000000D1 /* GoogleService-Info.plist */ = {isa = PBXFileReference; fileEncoding = 4; lastKnownFileType = text.plist.xml; name = "GoogleService-Info.plist"; path = "PlusOne/GoogleService-Info.plist"; sourceTree = "<group>"; };
		13B07FB81A68108700A75B9A /* PrivacyInfo.xcprivacy */ = {isa = PBXFileReference; fileEncoding = 4; lastKnownFileType = text.plist.xml; name = PrivacyInfo.xcprivacy; path = PlusOne/PrivacyInfo.xcprivacy; sourceTree = "<group>"; };
		3B4392A12AC88292D35C810B /* Pods-PlusOne.debug.xcconfig */ = {isa = PBXFileReference; includeInIndex = 1; lastKnownFileType = text.xcconfig; name = "Pods-PlusOne.debug.xcconfig"; path = "Target Support Files/Pods-PlusOne/Pods-PlusOne.debug.xcconfig"; sourceTree = "<group>"; };
		5709B34CF0A7D63546082F79 /* Pods-PlusOne.release.xcconfig */ = {isa = PBXFileReference; includeInIndex = 1; lastKnownFileType = text.xcconfig; name = "Pods-PlusOne.release.xcconfig"; path = "Target Support Files/Pods-PlusOne/Pods-PlusOne.release.xcconfig"; sourceTree = "<group>"; };
		5DCACB8F33CDC322A6C60F78 /* libPods-PlusOne.a */ = {isa = PBXFileReference; explicitFileType = archive.ar; includeInIndex = 0; path = "libPods-PlusOne.a"; sourceTree = BUILT_PRODUCTS_DIR; };
		761780EC2CA45674006654EE /* AppDelegate.swift */ = {isa = PBXFileReference; lastKnownFileType = sourcecode.swift; name = AppDelegate.swift; path = PlusOne/AppDelegate.swift; sourceTree = "<group>"; };
		81AB9BB72411601600AC10FF /* LaunchScreen.storyboard */ = {isa = PBXFileReference; fileEncoding = 4; lastKnownFileType = file.storyboard; name = LaunchScreen.storyboard; path = PlusOne/LaunchScreen.storyboard; sourceTree = "<group>"; };
		ED297162215061F000B7C4FE /* JavaScriptCore.framework */ = {isa = PBXFileReference; lastKnownFileType = wrapper.framework; name = JavaScriptCore.framework; path = System/Library/Frameworks/JavaScriptCore.framework; sourceTree = SDKROOT; };
		AA00000000000000000000A2 /* PlusOneShareExtension.appex */ = {isa = PBXFileReference; explicitFileType = "wrapper.app-extension"; includeInIndex = 0; path = PlusOneShareExtension.appex; sourceTree = BUILT_PRODUCTS_DIR; };
		AA00000000000000000000A9 /* ShareViewController.swift */ = {isa = PBXFileReference; lastKnownFileType = sourcecode.swift; name = ShareViewController.swift; path = PlusOneShareExtension/ShareViewController.swift; sourceTree = "<group>"; };
		AA00000000000000000000AB /* Info.plist */ = {isa = PBXFileReference; lastKnownFileType = text.plist.xml; name = Info.plist; path = PlusOneShareExtension/Info.plist; sourceTree = "<group>"; };
		AA00000000000000000000AC /* MainInterface.storyboard */ = {isa = PBXFileReference; lastKnownFileType = file.storyboard; name = MainInterface.storyboard; path = PlusOneShareExtension/MainInterface.storyboard; sourceTree = "<group>"; };
		AA00000000000000000000AE /* PlusOneShareExtension.entitlements */ = {isa = PBXFileReference; lastKnownFileType = text.plist.entitlements; name = PlusOneShareExtension.entitlements; path = PlusOneShareExtension/PlusOneShareExtension.entitlements; sourceTree = "<group>"; };
		AA00000000000000000000B4 /* PlusOne.entitlements */ = {isa = PBXFileReference; lastKnownFileType = text.plist.entitlements; name = PlusOne.entitlements; path = PlusOne/PlusOne.entitlements; sourceTree = "<group>"; };
		AA00000000000000000000B5 /* ShareIntentModule.swift */ = {isa = PBXFileReference; lastKnownFileType = sourcecode.swift; name = ShareIntentModule.swift; path = PlusOne/ShareIntentModule.swift; sourceTree = "<group>"; };
		AA00000000000000000000B7 /* ShareIntentModule.m */ = {isa = PBXFileReference; lastKnownFileType = sourcecode.c.objc; name = ShareIntentModule.m; path = PlusOne/ShareIntentModule.m; sourceTree = "<group>"; };
		AA00000000000000000000C1 /* ContactsAccessModule.swift */ = {isa = PBXFileReference; lastKnownFileType = sourcecode.swift; name = ContactsAccessModule.swift; path = PlusOne/ContactsAccessModule.swift; sourceTree = "<group>"; };
		AA00000000000000000000C3 /* ContactsAccessModule.m */ = {isa = PBXFileReference; lastKnownFileType = sourcecode.c.objc; name = ContactsAccessModule.m; path = PlusOne/ContactsAccessModule.m; sourceTree = "<group>"; };
		944AF53C82634278BE39AD78 /* FigtreeLight-Medium.ttf */ = {isa = PBXFileReference; name = "FigtreeLight-Medium.ttf"; path = "../assets/fonts/FigtreeLight-Medium.ttf"; sourceTree = "<group>"; fileEncoding = undefined; lastKnownFileType = unknown; explicitFileType = undefined; includeInIndex = 0; };
		2F85DC8A8182412FAA985992 /* FigtreeLight-Regular.ttf */ = {isa = PBXFileReference; name = "FigtreeLight-Regular.ttf"; path = "../assets/fonts/FigtreeLight-Regular.ttf"; sourceTree = "<group>"; fileEncoding = undefined; lastKnownFileType = unknown; explicitFileType = undefined; includeInIndex = 0; };
		DBD144A95AC64F5AAF2FD0A0 /* FigtreeLight-SemiBold.ttf */ = {isa = PBXFileReference; name = "FigtreeLight-SemiBold.ttf"; path = "../assets/fonts/FigtreeLight-SemiBold.ttf"; sourceTree = "<group>"; fileEncoding = undefined; lastKnownFileType = unknown; explicitFileType = undefined; includeInIndex = 0; };
		C6CD80CB82DC4CC9BA0799A4 /* IBMPlexSansArabic-Bold.ttf */ = {isa = PBXFileReference; name = "IBMPlexSansArabic-Bold.ttf"; path = "../assets/fonts/IBMPlexSansArabic-Bold.ttf"; sourceTree = "<group>"; fileEncoding = undefined; lastKnownFileType = unknown; explicitFileType = undefined; includeInIndex = 0; };
		A750A155DD4B469CA640CD42 /* IBMPlexSansArabic-Medium.ttf */ = {isa = PBXFileReference; name = "IBMPlexSansArabic-Medium.ttf"; path = "../assets/fonts/IBMPlexSansArabic-Medium.ttf"; sourceTree = "<group>"; fileEncoding = undefined; lastKnownFileType = unknown; explicitFileType = undefined; includeInIndex = 0; };
		1E50E026333E4E02A86DDAF7 /* IBMPlexSansArabic-Regular.ttf */ = {isa = PBXFileReference; name = "IBMPlexSansArabic-Regular.ttf"; path = "../assets/fonts/IBMPlexSansArabic-Regular.ttf"; sourceTree = "<group>"; fileEncoding = undefined; lastKnownFileType = unknown; explicitFileType = undefined; includeInIndex = 0; };
		2A2AC036A09E4F30B0A898A1 /* IBMPlexSansArabic-SemiBold.ttf */ = {isa = PBXFileReference; name = "IBMPlexSansArabic-SemiBold.ttf"; path = "../assets/fonts/IBMPlexSansArabic-SemiBold.ttf"; sourceTree = "<group>"; fileEncoding = undefined; lastKnownFileType = unknown; explicitFileType = undefined; includeInIndex = 0; };
		DFEA0220E5104BA8B5399FC6 /* Sora-Bold.ttf */ = {isa = PBXFileReference; name = "Sora-Bold.ttf"; path = "../assets/fonts/Sora-Bold.ttf"; sourceTree = "<group>"; fileEncoding = undefined; lastKnownFileType = unknown; explicitFileType = undefined; includeInIndex = 0; };
		299DC16921CA420D867ABDB4 /* Sora-ExtraBold.ttf */ = {isa = PBXFileReference; name = "Sora-ExtraBold.ttf"; path = "../assets/fonts/Sora-ExtraBold.ttf"; sourceTree = "<group>"; fileEncoding = undefined; lastKnownFileType = unknown; explicitFileType = undefined; includeInIndex = 0; };
		E06DA9B2A9944D9A9F89D88E /* Sora-SemiBold.ttf */ = {isa = PBXFileReference; name = "Sora-SemiBold.ttf"; path = "../assets/fonts/Sora-SemiBold.ttf"; sourceTree = "<group>"; fileEncoding = undefined; lastKnownFileType = unknown; explicitFileType = undefined; includeInIndex = 0; };
		16E0BF00BEAC4C1FAEA27AB5 /* SplineSansMono-Medium.ttf */ = {isa = PBXFileReference; name = "SplineSansMono-Medium.ttf"; path = "../assets/fonts/SplineSansMono-Medium.ttf"; sourceTree = "<group>"; fileEncoding = undefined; lastKnownFileType = unknown; explicitFileType = undefined; includeInIndex = 0; };
		9DD4454010884D0291428CAA /* SplineSansMono-Regular.ttf */ = {isa = PBXFileReference; name = "SplineSansMono-Regular.ttf"; path = "../assets/fonts/SplineSansMono-Regular.ttf"; sourceTree = "<group>"; fileEncoding = undefined; lastKnownFileType = unknown; explicitFileType = undefined; includeInIndex = 0; };
/* End PBXFileReference section */

/* Begin PBXContainerItemProxy section */
		AA00000000000000000000B0 /* PBXContainerItemProxy */ = {
			isa = PBXContainerItemProxy;
			containerPortal = 83CBB9F71A601CBA00E9B192 /* Project object */;
			proxyType = 1;
			remoteGlobalIDString = AA00000000000000000000A1;
			remoteInfo = PlusOneShareExtension;
		};
/* End PBXContainerItemProxy section */

/* Begin PBXCopyFilesBuildPhase section */
		AA00000000000000000000B2 /* Embed App Extensions */ = {
			isa = PBXCopyFilesBuildPhase;
			buildActionMask = 2147483647;
			dstPath = "";
			dstSubfolderSpec = 13;
			files = (
				AA00000000000000000000B3 /* PlusOneShareExtension.appex in Embed App Extensions */,
			);
			name = "Embed App Extensions";
			runOnlyForDeploymentPostprocessing = 0;
		};
/* End PBXCopyFilesBuildPhase section */

/* Begin PBXFrameworksBuildPhase section */
		13B07F8C1A680F5B00A75B9A /* Frameworks */ = {
			isa = PBXFrameworksBuildPhase;
			buildActionMask = 2147483647;
			files = (
				0C80B921A6F3F58F76C31292 /* libPods-PlusOne.a in Frameworks */,
			);
			runOnlyForDeploymentPostprocessing = 0;
		};
		AA00000000000000000000A7 /* Frameworks */ = {
			isa = PBXFrameworksBuildPhase;
			buildActionMask = 2147483647;
			files = (
			);
			runOnlyForDeploymentPostprocessing = 0;
		};
/* End PBXFrameworksBuildPhase section */

/* Begin PBXGroup section */
		13B07FAE1A68108700A75B9A /* PlusOne */ = {
			isa = PBXGroup;
			children = (
				13B07FB51A68108700A75B9A /* Images.xcassets */,
				761780EC2CA45674006654EE /* AppDelegate.swift */,
				13B07FB61A68108700A75B9A /* Info.plist */,
				AA00000000000000000000D1 /* GoogleService-Info.plist */,
				81AB9BB72411601600AC10FF /* LaunchScreen.storyboard */,
				13B07FB81A68108700A75B9A /* PrivacyInfo.xcprivacy */,
				AA00000000000000000000B4 /* PlusOne.entitlements */,
				AA00000000000000000000B5 /* ShareIntentModule.swift */,
				AA00000000000000000000B7 /* ShareIntentModule.m */,
				AA00000000000000000000C1 /* ContactsAccessModule.swift */,
				AA00000000000000000000C3 /* ContactsAccessModule.m */,
			);
			name = PlusOne;
			sourceTree = "<group>";
		};
		AA00000000000000000000AF /* PlusOneShareExtension */ = {
			isa = PBXGroup;
			children = (
				AA00000000000000000000A9 /* ShareViewController.swift */,
				AA00000000000000000000AC /* MainInterface.storyboard */,
				AA00000000000000000000AB /* Info.plist */,
				AA00000000000000000000AE /* PlusOneShareExtension.entitlements */,
			);
			name = PlusOneShareExtension;
			sourceTree = "<group>";
		};
		2D16E6871FA4F8E400B85C8A /* Frameworks */ = {
			isa = PBXGroup;
			children = (
				ED297162215061F000B7C4FE /* JavaScriptCore.framework */,
				5DCACB8F33CDC322A6C60F78 /* libPods-PlusOne.a */,
			);
			name = Frameworks;
			sourceTree = "<group>";
		};
		832341AE1AAA6A7D00B99B32 /* Libraries */ = {
			isa = PBXGroup;
			children = (
			);
			name = Libraries;
			sourceTree = "<group>";
		};
		83CBB9F61A601CBA00E9B192 = {
			isa = PBXGroup;
			children = (
				13B07FAE1A68108700A75B9A /* PlusOne */,
				AA00000000000000000000AF /* PlusOneShareExtension */,
				832341AE1AAA6A7D00B99B32 /* Libraries */,
				83CBBA001A601CBA00E9B192 /* Products */,
				2D16E6871FA4F8E400B85C8A /* Frameworks */,
				BBD78D7AC51CEA395F1C20DB /* Pods */,
				A5FD539D70DC4EE486815BBF /* Resources */,
			);
			indentWidth = 2;
			sourceTree = "<group>";
			tabWidth = 2;
			usesTabs = 0;
		};
		83CBBA001A601CBA00E9B192 /* Products */ = {
			isa = PBXGroup;
			children = (
				13B07F961A680F5B00A75B9A /* PlusOne.app */,
				AA00000000000000000000A2 /* PlusOneShareExtension.appex */,
			);
			name = Products;
			sourceTree = "<group>";
		};
		BBD78D7AC51CEA395F1C20DB /* Pods */ = {
			isa = PBXGroup;
			children = (
				3B4392A12AC88292D35C810B /* Pods-PlusOne.debug.xcconfig */,
				5709B34CF0A7D63546082F79 /* Pods-PlusOne.release.xcconfig */,
			);
			path = Pods;
			sourceTree = "<group>";
		};
		A5FD539D70DC4EE486815BBF /* Resources */ = {
			isa = "PBXGroup";
			children = (
				944AF53C82634278BE39AD78 /* FigtreeLight-Medium.ttf */,
				2F85DC8A8182412FAA985992 /* FigtreeLight-Regular.ttf */,
				DBD144A95AC64F5AAF2FD0A0 /* FigtreeLight-SemiBold.ttf */,
				C6CD80CB82DC4CC9BA0799A4 /* IBMPlexSansArabic-Bold.ttf */,
				A750A155DD4B469CA640CD42 /* IBMPlexSansArabic-Medium.ttf */,
				1E50E026333E4E02A86DDAF7 /* IBMPlexSansArabic-Regular.ttf */,
				2A2AC036A09E4F30B0A898A1 /* IBMPlexSansArabic-SemiBold.ttf */,
				DFEA0220E5104BA8B5399FC6 /* Sora-Bold.ttf */,
				299DC16921CA420D867ABDB4 /* Sora-ExtraBold.ttf */,
				E06DA9B2A9944D9A9F89D88E /* Sora-SemiBold.ttf */,
				16E0BF00BEAC4C1FAEA27AB5 /* SplineSansMono-Medium.ttf */,
				9DD4454010884D0291428CAA /* SplineSansMono-Regular.ttf */,
			);
			name = Resources;
			sourceTree = "<group>";
			path = "";
		};
/* End PBXGroup section */

/* Begin PBXNativeTarget section */
		13B07F861A680F5B00A75B9A /* PlusOne */ = {
			isa = PBXNativeTarget;
			buildConfigurationList = 13B07F931A680F5B00A75B9A /* Build configuration list for PBXNativeTarget "PlusOne" */;
			buildPhases = (
				C38B50BA6285516D6DCD4F65 /* [CP] Check Pods Manifest.lock */,
				13B07F871A680F5B00A75B9A /* Sources */,
				13B07F8C1A680F5B00A75B9A /* Frameworks */,
				13B07F8E1A680F5B00A75B9A /* Resources */,
				AA00000000000000000000B2 /* Embed App Extensions */,
				00DD1BFF1BD5951E006B06BC /* Bundle React Native code and images */,
				00EEFC60759A1932668264C0 /* [CP] Embed Pods Frameworks */,
				E235C05ADACE081382539298 /* [CP] Copy Pods Resources */,
			);
			buildRules = (
			);
			dependencies = (
				AA00000000000000000000B1 /* PBXTargetDependency */,
			);
			name = PlusOne;
			productName = PlusOne;
			productReference = 13B07F961A680F5B00A75B9A /* PlusOne.app */;
			productType = "com.apple.product-type.application";
		};
		AA00000000000000000000A1 /* PlusOneShareExtension */ = {
			isa = PBXNativeTarget;
			buildConfigurationList = AA00000000000000000000A3 /* Build configuration list for PBXNativeTarget "PlusOneShareExtension" */;
			buildPhases = (
				AA00000000000000000000A6 /* Sources */,
				AA00000000000000000000A7 /* Frameworks */,
				AA00000000000000000000A8 /* Resources */,
			);
			buildRules = (
			);
			dependencies = (
			);
			name = PlusOneShareExtension;
			productName = PlusOneShareExtension;
			productReference = AA00000000000000000000A2 /* PlusOneShareExtension.appex */;
			productType = "com.apple.product-type.app-extension";
		};
/* End PBXNativeTarget section */

/* Begin PBXProject section */
		83CBB9F71A601CBA00E9B192 /* Project object */ = {
			isa = PBXProject;
			attributes = {
				LastUpgradeCheck = 1210;
				TargetAttributes = {
					13B07F861A680F5B00A75B9A = {
						LastSwiftMigration = 1120;
					};
					AA00000000000000000000A1 = {
						CreatedOnToolsVersion = 15.0;
					};
				};
			};
			buildConfigurationList = 83CBB9FA1A601CBA00E9B192 /* Build configuration list for PBXProject "PlusOne" */;
			compatibilityVersion = "Xcode 12.0";
			developmentRegion = en;
			hasScannedForEncodings = 0;
			knownRegions = (
				en,
				Base,
			);
			mainGroup = 83CBB9F61A601CBA00E9B192;
			productRefGroup = 83CBBA001A601CBA00E9B192 /* Products */;
			projectDirPath = "";
			projectRoot = "";
			targets = (
				13B07F861A680F5B00A75B9A /* PlusOne */,
				AA00000000000000000000A1 /* PlusOneShareExtension */,
			);
		};
/* End PBXProject section */

/* Begin PBXResourcesBuildPhase section */
		13B07F8E1A680F5B00A75B9A /* Resources */ = {
			isa = PBXResourcesBuildPhase;
			buildActionMask = 2147483647;
			files = (
				81AB9BB82411601600AC10FF /* LaunchScreen.storyboard in Resources */,
				AA00000000000000000000D2 /* GoogleService-Info.plist in Resources */,
				13B07FBF1A68108700A75B9A /* Images.xcassets in Resources */,
				3D7C039861E94766B4712282 /* FigtreeLight-Medium.ttf in Resources */,
				B75CC4E930424EA9BB1F0648 /* FigtreeLight-Regular.ttf in Resources */,
				58EE84B98D2F44D7AE073FC5 /* FigtreeLight-SemiBold.ttf in Resources */,
				7054AC0214E14792B04A1477 /* IBMPlexSansArabic-Bold.ttf in Resources */,
				F111D4702DB544C8A1B4223B /* IBMPlexSansArabic-Medium.ttf in Resources */,
				5490F83CE1944487B5CAAF8F /* IBMPlexSansArabic-Regular.ttf in Resources */,
				577181B0D6A949CA93FEDC4E /* IBMPlexSansArabic-SemiBold.ttf in Resources */,
				F8EF007F5C6141DEB4D4A3BF /* Sora-Bold.ttf in Resources */,
				E26B3A33783A4B118DCE2EE1 /* Sora-ExtraBold.ttf in Resources */,
				D91D23E21D3B4B328A3AF71B /* Sora-SemiBold.ttf in Resources */,
				A92440A83A654548B978FA7F /* SplineSansMono-Medium.ttf in Resources */,
				0970780C5CCC4CF296745C46 /* SplineSansMono-Regular.ttf in Resources */,
			);
			runOnlyForDeploymentPostprocessing = 0;
		};
		AA00000000000000000000A8 /* Resources */ = {
			isa = PBXResourcesBuildPhase;
			buildActionMask = 2147483647;
			files = (
				AA00000000000000000000AD /* MainInterface.storyboard in Resources */,
				383039575A1A497FAC08BFD2 /* FigtreeLight-Medium.ttf in Resources */,
				FC115F5EA14D4B8DB8A5B46A /* FigtreeLight-Regular.ttf in Resources */,
				E59162A8D5FC47859BDED37E /* FigtreeLight-SemiBold.ttf in Resources */,
				24D6DD3D3F1E498E9066EB33 /* IBMPlexSansArabic-Bold.ttf in Resources */,
				E0BA4FA2DB1E489089567176 /* IBMPlexSansArabic-Medium.ttf in Resources */,
				A2BD3C3DCD794EB3B9B4A3D2 /* IBMPlexSansArabic-Regular.ttf in Resources */,
				22EA6B5F49A245AAB63A33F7 /* IBMPlexSansArabic-SemiBold.ttf in Resources */,
				F94F6D789657479E997C95AB /* Sora-Bold.ttf in Resources */,
				A2F95513E9E04A88A63E5B89 /* Sora-ExtraBold.ttf in Resources */,
				64B3BF2837274D4A9628F685 /* Sora-SemiBold.ttf in Resources */,
				5F970A90381443DD9AAC7550 /* SplineSansMono-Medium.ttf in Resources */,
				27E99BFAEB3A4608B5FC9DA5 /* SplineSansMono-Regular.ttf in Resources */,
			);
			runOnlyForDeploymentPostprocessing = 0;
		};
/* End PBXResourcesBuildPhase section */

/* Begin PBXTargetDependency section */
		AA00000000000000000000B1 /* PBXTargetDependency */ = {
			isa = PBXTargetDependency;
			target = AA00000000000000000000A1 /* PlusOneShareExtension */;
			targetProxy = AA00000000000000000000B0 /* PBXContainerItemProxy */;
		};
/* End PBXTargetDependency section */

/* Begin PBXShellScriptBuildPhase section */
		00DD1BFF1BD5951E006B06BC /* Bundle React Native code and images */ = {
			isa = PBXShellScriptBuildPhase;
			buildActionMask = 2147483647;
			files = (
			);
			inputPaths = (
				"$(SRCROOT)/.xcode.env.local",
				"$(SRCROOT)/.xcode.env",
			);
			name = "Bundle React Native code and images";
			outputPaths = (
			);
			runOnlyForDeploymentPostprocessing = 0;
			shellPath = /bin/sh;
			shellScript = "set -e\n\nWITH_ENVIRONMENT=\"$REACT_NATIVE_PATH/scripts/xcode/with-environment.sh\"\nREACT_NATIVE_XCODE=\"$REACT_NATIVE_PATH/scripts/react-native-xcode.sh\"\n\n/bin/sh -c \"\\\"$WITH_ENVIRONMENT\\\" \\\"$REACT_NATIVE_XCODE\\\"\"\n";
		};
		00EEFC60759A1932668264C0 /* [CP] Embed Pods Frameworks */ = {
			isa = PBXShellScriptBuildPhase;
			buildActionMask = 2147483647;
			files = (
			);
			inputFileListPaths = (
				"${PODS_ROOT}/Target Support Files/Pods-PlusOne/Pods-PlusOne-frameworks-${CONFIGURATION}-input-files.xcfilelist",
			);
			name = "[CP] Embed Pods Frameworks";
			outputFileListPaths = (
				"${PODS_ROOT}/Target Support Files/Pods-PlusOne/Pods-PlusOne-frameworks-${CONFIGURATION}-output-files.xcfilelist",
			);
			runOnlyForDeploymentPostprocessing = 0;
			shellPath = /bin/sh;
			shellScript = "\"${PODS_ROOT}/Target Support Files/Pods-PlusOne/Pods-PlusOne-frameworks.sh\"\n";
			showEnvVarsInLog = 0;
		};
		C38B50BA6285516D6DCD4F65 /* [CP] Check Pods Manifest.lock */ = {
			isa = PBXShellScriptBuildPhase;
			buildActionMask = 2147483647;
			files = (
			);
			inputFileListPaths = (
			);
			inputPaths = (
				"${PODS_PODFILE_DIR_PATH}/Podfile.lock",
				"${PODS_ROOT}/Manifest.lock",
			);
			name = "[CP] Check Pods Manifest.lock";
			outputFileListPaths = (
			);
			outputPaths = (
				"$(DERIVED_FILE_DIR)/Pods-PlusOne-checkManifestLockResult.txt",
			);
			runOnlyForDeploymentPostprocessing = 0;
			shellPath = /bin/sh;
			shellScript = "diff \"${PODS_PODFILE_DIR_PATH}/Podfile.lock\" \"${PODS_ROOT}/Manifest.lock\" > /dev/null\nif [ $? != 0 ] ; then\n    # print error to STDERR\n    echo \"error: The sandbox is not in sync with the Podfile.lock. Run 'pod install' or update your CocoaPods installation.\" >&2\n    exit 1\nfi\n# This output is used by Xcode 'outputs' to avoid re-running this script phase.\necho \"SUCCESS\" > \"${SCRIPT_OUTPUT_FILE_0}\"\n";
			showEnvVarsInLog = 0;
		};
		E235C05ADACE081382539298 /* [CP] Copy Pods Resources */ = {
			isa = PBXShellScriptBuildPhase;
			buildActionMask = 2147483647;
			files = (
			);
			inputFileListPaths = (
				"${PODS_ROOT}/Target Support Files/Pods-PlusOne/Pods-PlusOne-resources-${CONFIGURATION}-input-files.xcfilelist",
			);
			name = "[CP] Copy Pods Resources";
			outputFileListPaths = (
				"${PODS_ROOT}/Target Support Files/Pods-PlusOne/Pods-PlusOne-resources-${CONFIGURATION}-output-files.xcfilelist",
			);
			runOnlyForDeploymentPostprocessing = 0;
			shellPath = /bin/sh;
			shellScript = "\"${PODS_ROOT}/Target Support Files/Pods-PlusOne/Pods-PlusOne-resources.sh\"\n";
			showEnvVarsInLog = 0;
		};
/* End PBXShellScriptBuildPhase section */

/* Begin PBXSourcesBuildPhase section */
		13B07F871A680F5B00A75B9A /* Sources */ = {
			isa = PBXSourcesBuildPhase;
			buildActionMask = 2147483647;
			files = (
				761780ED2CA45674006654EE /* AppDelegate.swift in Sources */,
				AA00000000000000000000B6 /* ShareIntentModule.swift in Sources */,
				AA00000000000000000000B8 /* ShareIntentModule.m in Sources */,
				AA00000000000000000000C2 /* ContactsAccessModule.swift in Sources */,
				AA00000000000000000000C4 /* ContactsAccessModule.m in Sources */,
			);
			runOnlyForDeploymentPostprocessing = 0;
		};
		AA00000000000000000000A6 /* Sources */ = {
			isa = PBXSourcesBuildPhase;
			buildActionMask = 2147483647;
			files = (
				AA00000000000000000000AA /* ShareViewController.swift in Sources */,
			);
			runOnlyForDeploymentPostprocessing = 0;
		};
/* End PBXSourcesBuildPhase section */

/* Begin XCBuildConfiguration section */
		13B07F941A680F5B00A75B9A /* Debug */ = {
			isa = XCBuildConfiguration;
			baseConfigurationReference = 3B4392A12AC88292D35C810B /* Pods-PlusOne.debug.xcconfig */;
			buildSettings = {
				ASSETCATALOG_COMPILER_APPICON_NAME = AppIcon;
				CLANG_ENABLE_MODULES = YES;
				CLANG_ALLOW_NON_MODULAR_INCLUDES_IN_FRAMEWORK_MODULES = YES;
				CODE_SIGN_ENTITLEMENTS = PlusOne/PlusOne.entitlements;
				CURRENT_PROJECT_VERSION = 1;
				ENABLE_BITCODE = NO;
				INFOPLIST_FILE = PlusOne/Info.plist;
				IPHONEOS_DEPLOYMENT_TARGET = 15.5;
				LD_RUNPATH_SEARCH_PATHS = (
					"$(inherited)",
					"@executable_path/Frameworks",
				);
				MARKETING_VERSION = 1.0;
				OTHER_LDFLAGS = (
					"$(inherited)",
					"-ObjC",
					"-lc++",
				);
				CODE_SIGN_STYLE = Automatic;
				DEVELOPMENT_TEAM = "";
				PRODUCT_BUNDLE_IDENTIFIER = com.refaat.plusone;
				PRODUCT_NAME = PlusOne;
				SUPPORTED_PLATFORMS = "iphoneos iphonesimulator";
				SWIFT_OPTIMIZATION_LEVEL = "-Onone";
				SWIFT_VERSION = 5.0;
				TARGETED_DEVICE_FAMILY = 1;
				VERSIONING_SYSTEM = "apple-generic";
			};
			name = Debug;
		};
		13B07F951A680F5B00A75B9A /* Release */ = {
			isa = XCBuildConfiguration;
			baseConfigurationReference = 5709B34CF0A7D63546082F79 /* Pods-PlusOne.release.xcconfig */;
			buildSettings = {
				ASSETCATALOG_COMPILER_APPICON_NAME = AppIcon;
				CLANG_ENABLE_MODULES = YES;
				CLANG_ALLOW_NON_MODULAR_INCLUDES_IN_FRAMEWORK_MODULES = YES;
				CODE_SIGN_ENTITLEMENTS = PlusOne/PlusOneRelease.entitlements;
				CODE_SIGN_STYLE = Automatic;
				CURRENT_PROJECT_VERSION = 1;
				DEVELOPMENT_TEAM = "";
				INFOPLIST_FILE = PlusOne/Info.plist;
				IPHONEOS_DEPLOYMENT_TARGET = 15.5;
				LD_RUNPATH_SEARCH_PATHS = (
					"$(inherited)",
					"@executable_path/Frameworks",
				);
				MARKETING_VERSION = 1.0;
				OTHER_LDFLAGS = (
					"$(inherited)",
					"-ObjC",
					"-lc++",
				);
				PRODUCT_BUNDLE_IDENTIFIER = com.refaat.plusone;
				PRODUCT_NAME = PlusOne;
				SUPPORTED_PLATFORMS = "iphoneos iphonesimulator";
				SWIFT_VERSION = 5.0;
				TARGETED_DEVICE_FAMILY = 1;
				VERSIONING_SYSTEM = "apple-generic";
			};
			name = Release;
		};
		AA00000000000000000000A4 /* Debug */ = {
			isa = XCBuildConfiguration;
			buildSettings = {
				CLANG_ENABLE_MODULES = YES;
				CODE_SIGN_ENTITLEMENTS = PlusOneShareExtension/PlusOneShareExtension.entitlements;
				CODE_SIGN_STYLE = Automatic;
				CURRENT_PROJECT_VERSION = 1;
				DEVELOPMENT_TEAM = "";
				INFOPLIST_FILE = PlusOneShareExtension/Info.plist;
				IPHONEOS_DEPLOYMENT_TARGET = 15.5;
				LD_RUNPATH_SEARCH_PATHS = (
					"$(inherited)",
					"@executable_path/Frameworks",
					"@executable_path/../../Frameworks",
				);
				MARKETING_VERSION = 1.0;
				PRODUCT_BUNDLE_IDENTIFIER = com.refaat.plusone.ShareExtension;
				PRODUCT_NAME = "$(TARGET_NAME)";
				SKIP_INSTALL = YES;
				SWIFT_OPTIMIZATION_LEVEL = "-Onone";
				SWIFT_VERSION = 5.0;
				TARGETED_DEVICE_FAMILY = 1;
				VERSIONING_SYSTEM = "apple-generic";
			};
			name = Debug;
		};
		AA00000000000000000000A5 /* Release */ = {
			isa = XCBuildConfiguration;
			buildSettings = {
				CLANG_ENABLE_MODULES = YES;
				CODE_SIGN_ENTITLEMENTS = PlusOneShareExtension/PlusOneShareExtension.entitlements;
				CODE_SIGN_STYLE = Automatic;
				CURRENT_PROJECT_VERSION = 1;
				DEVELOPMENT_TEAM = "";
				INFOPLIST_FILE = PlusOneShareExtension/Info.plist;
				IPHONEOS_DEPLOYMENT_TARGET = 15.5;
				LD_RUNPATH_SEARCH_PATHS = (
					"$(inherited)",
					"@executable_path/Frameworks",
					"@executable_path/../../Frameworks",
				);
				MARKETING_VERSION = 1.0;
				PRODUCT_BUNDLE_IDENTIFIER = com.refaat.plusone.ShareExtension;
				PRODUCT_NAME = "$(TARGET_NAME)";
				SKIP_INSTALL = YES;
				SWIFT_VERSION = 5.0;
				TARGETED_DEVICE_FAMILY = 1;
				VERSIONING_SYSTEM = "apple-generic";
			};
			name = Release;
		};
		83CBBA201A601CBA00E9B192 /* Debug */ = {
			isa = XCBuildConfiguration;
			buildSettings = {
				ALWAYS_SEARCH_USER_PATHS = NO;
				CLANG_ANALYZER_LOCALIZABILITY_NONLOCALIZED = YES;
				CLANG_CXX_LANGUAGE_STANDARD = "c++20";
				CLANG_CXX_LIBRARY = "libc++";
				CLANG_ENABLE_MODULES = YES;
				CLANG_ENABLE_OBJC_ARC = YES;
				CLANG_WARN_BLOCK_CAPTURE_AUTORELEASING = YES;
				CLANG_WARN_BOOL_CONVERSION = YES;
				CLANG_WARN_COMMA = YES;
				CLANG_WARN_CONSTANT_CONVERSION = YES;
				CLANG_WARN_DEPRECATED_OBJC_IMPLEMENTATIONS = YES;
				CLANG_WARN_DIRECT_OBJC_ISA_USAGE = YES_ERROR;
				CLANG_WARN_EMPTY_BODY = YES;
				CLANG_WARN_ENUM_CONVERSION = YES;
				CLANG_WARN_INFINITE_RECURSION = YES;
				CLANG_WARN_INT_CONVERSION = YES;
				CLANG_WARN_NON_LITERAL_NULL_CONVERSION = YES;
				CLANG_WARN_OBJC_IMPLICIT_RETAIN_SELF = YES;
				CLANG_WARN_OBJC_LITERAL_CONVERSION = YES;
				CLANG_WARN_OBJC_ROOT_CLASS = YES_ERROR;
				CLANG_WARN_QUOTED_INCLUDE_IN_FRAMEWORK_HEADER = YES;
				CLANG_WARN_RANGE_LOOP_ANALYSIS = YES;
				CLANG_WARN_STRICT_PROTOTYPES = YES;
				CLANG_WARN_SUSPICIOUS_MOVE = YES;
				CLANG_WARN_UNREACHABLE_CODE = YES;
				CLANG_WARN__DUPLICATE_METHOD_MATCH = YES;
				"CODE_SIGN_IDENTITY[sdk=iphoneos*]" = "iPhone Developer";
				COPY_PHASE_STRIP = NO;
				ENABLE_STRICT_OBJC_MSGSEND = YES;
				ENABLE_TESTABILITY = YES;
				"EXCLUDED_ARCHS[sdk=iphonesimulator*]" = "";
				GCC_C_LANGUAGE_STANDARD = gnu99;
				GCC_DYNAMIC_NO_PIC = NO;
				GCC_NO_COMMON_BLOCKS = YES;
				GCC_OPTIMIZATION_LEVEL = 0;
				GCC_PREPROCESSOR_DEFINITIONS = (
					"DEBUG=1",
					"$(inherited)",
				);
				GCC_SYMBOLS_PRIVATE_EXTERN = NO;
				GCC_WARN_64_TO_32_BIT_CONVERSION = YES;
				GCC_WARN_ABOUT_RETURN_TYPE = YES_ERROR;
				GCC_WARN_UNDECLARED_SELECTOR = YES;
				GCC_WARN_UNINITIALIZED_AUTOS = YES_AGGRESSIVE;
				GCC_WARN_UNUSED_FUNCTION = YES;
				GCC_WARN_UNUSED_VARIABLE = YES;
				IPHONEOS_DEPLOYMENT_TARGET = 15.5;
				LD_RUNPATH_SEARCH_PATHS = (
					/usr/lib/swift,
					"$(inherited)",
				);
				LIBRARY_SEARCH_PATHS = (
					"\"$(SDKROOT)/usr/lib/swift\"",
					"\"$(TOOLCHAIN_DIR)/usr/lib/swift/$(PLATFORM_NAME)\"",
					"\"$(inherited)\"",
				);
				MTL_ENABLE_DEBUG_INFO = YES;
				ONLY_ACTIVE_ARCH = YES;
				OTHER_CPLUSPLUSFLAGS = (
					"$(OTHER_CFLAGS)",
					"-DFOLLY_NO_CONFIG",
					"-DFOLLY_MOBILE=1",
					"-DFOLLY_USE_LIBCPP=1",
					"-DFOLLY_CFG_NO_COROUTINES=1",
					"-DFOLLY_HAVE_CLOCK_GETTIME=1",
				);
				SDKROOT = iphoneos;
			};
			name = Debug;
		};
		83CBBA211A601CBA00E9B192 /* Release */ = {
			isa = XCBuildConfiguration;
			buildSettings = {
				ALWAYS_SEARCH_USER_PATHS = NO;
				CLANG_ANALYZER_LOCALIZABILITY_NONLOCALIZED = YES;
				CLANG_CXX_LANGUAGE_STANDARD = "c++20";
				CLANG_CXX_LIBRARY = "libc++";
				CLANG_ENABLE_MODULES = YES;
				CLANG_ENABLE_OBJC_ARC = YES;
				CLANG_WARN_BLOCK_CAPTURE_AUTORELEASING = YES;
				CLANG_WARN_BOOL_CONVERSION = YES;
				CLANG_WARN_COMMA = YES;
				CLANG_WARN_CONSTANT_CONVERSION = YES;
				CLANG_WARN_DEPRECATED_OBJC_IMPLEMENTATIONS = YES;
				CLANG_WARN_DIRECT_OBJC_ISA_USAGE = YES_ERROR;
				CLANG_WARN_EMPTY_BODY = YES;
				CLANG_WARN_ENUM_CONVERSION = YES;
				CLANG_WARN_INFINITE_RECURSION = YES;
				CLANG_WARN_INT_CONVERSION = YES;
				CLANG_WARN_NON_LITERAL_NULL_CONVERSION = YES;
				CLANG_WARN_OBJC_IMPLICIT_RETAIN_SELF = YES;
				CLANG_WARN_OBJC_LITERAL_CONVERSION = YES;
				CLANG_WARN_OBJC_ROOT_CLASS = YES_ERROR;
				CLANG_WARN_QUOTED_INCLUDE_IN_FRAMEWORK_HEADER = YES;
				CLANG_WARN_RANGE_LOOP_ANALYSIS = YES;
				CLANG_WARN_STRICT_PROTOTYPES = YES;
				CLANG_WARN_SUSPICIOUS_MOVE = YES;
				CLANG_WARN_UNREACHABLE_CODE = YES;
				CLANG_WARN__DUPLICATE_METHOD_MATCH = YES;
				"CODE_SIGN_IDENTITY[sdk=iphoneos*]" = "iPhone Developer";
				COPY_PHASE_STRIP = YES;
				ENABLE_NS_ASSERTIONS = NO;
				ENABLE_STRICT_OBJC_MSGSEND = YES;
				"EXCLUDED_ARCHS[sdk=iphonesimulator*]" = "";
				GCC_C_LANGUAGE_STANDARD = gnu99;
				GCC_NO_COMMON_BLOCKS = YES;
				GCC_WARN_64_TO_32_BIT_CONVERSION = YES;
				GCC_WARN_ABOUT_RETURN_TYPE = YES_ERROR;
				GCC_WARN_UNDECLARED_SELECTOR = YES;
				GCC_WARN_UNINITIALIZED_AUTOS = YES_AGGRESSIVE;
				GCC_WARN_UNUSED_FUNCTION = YES;
				GCC_WARN_UNUSED_VARIABLE = YES;
				IPHONEOS_DEPLOYMENT_TARGET = 15.5;
				LD_RUNPATH_SEARCH_PATHS = (
					/usr/lib/swift,
					"$(inherited)",
				);
				LIBRARY_SEARCH_PATHS = (
					"\"$(SDKROOT)/usr/lib/swift\"",
					"\"$(TOOLCHAIN_DIR)/usr/lib/swift/$(PLATFORM_NAME)\"",
					"\"$(inherited)\"",
				);
				MTL_ENABLE_DEBUG_INFO = NO;
				OTHER_CPLUSPLUSFLAGS = (
					"$(OTHER_CFLAGS)",
					"-DFOLLY_NO_CONFIG",
					"-DFOLLY_MOBILE=1",
					"-DFOLLY_USE_LIBCPP=1",
					"-DFOLLY_CFG_NO_COROUTINES=1",
					"-DFOLLY_HAVE_CLOCK_GETTIME=1",
				);
				SDKROOT = iphoneos;
				VALIDATE_PRODUCT = YES;
			};
			name = Release;
		};
/* End XCBuildConfiguration section */

/* Begin XCConfigurationList section */
		13B07F931A680F5B00A75B9A /* Build configuration list for PBXNativeTarget "PlusOne" */ = {
			isa = XCConfigurationList;
			buildConfigurations = (
				13B07F941A680F5B00A75B9A /* Debug */,
				13B07F951A680F5B00A75B9A /* Release */,
			);
			defaultConfigurationIsVisible = 0;
			defaultConfigurationName = Release;
		};
		AA00000000000000000000A3 /* Build configuration list for PBXNativeTarget "PlusOneShareExtension" */ = {
			isa = XCConfigurationList;
			buildConfigurations = (
				AA00000000000000000000A4 /* Debug */,
				AA00000000000000000000A5 /* Release */,
			);
			defaultConfigurationIsVisible = 0;
			defaultConfigurationName = Release;
		};
		83CBB9FA1A601CBA00E9B192 /* Build configuration list for PBXProject "PlusOne" */ = {
			isa = XCConfigurationList;
			buildConfigurations = (
				83CBBA201A601CBA00E9B192 /* Debug */,
				83CBBA211A601CBA00E9B192 /* Release */,
			);
			defaultConfigurationIsVisible = 0;
			defaultConfigurationName = Release;
		};
/* End XCConfigurationList section */
	};
	rootObject = 83CBB9F71A601CBA00E9B192 /* Project object */;
}
